
Microsoft Visual Studio Solution File, Format Version 12.00
# Visual Studio Version 17
VisualStudioVersion = 17.7.34221.43
MinimumVisualStudioVersion = 10.0.40219.1
Project("{FAE04EC0-301F-11D3-BF4B-00C04F79EFBC}") = "copaSescUser", "copaSescUser\copaSescUser.csproj", "{AFA433A0-5ACF-44B3-B59E-DEBC6C6564F8}"
EndProject
Global
	GlobalSection(SolutionConfigurationPlatforms) = preSolution
		Debug|Any CPU = Debug|Any CPU
		Release|Any CPU = Release|Any CPU
	EndGlobalSection
	GlobalSection(ProjectConfigurationPlatforms) = postSolution
		{AFA433A0-5ACF-44B3-B59E-DEBC6C6564F8}.Debug|Any CPU.ActiveCfg = Debug|Any CPU
		{AFA433A0-5ACF-44B3-B59E-DEBC6C6564F8}.Debug|Any CPU.Build.0 = Debug|Any CPU
		{AFA433A0-5ACF-44B3-B59E-DEBC6C6564F8}.Release|Any CPU.ActiveCfg = Release|Any CPU
		{AFA433A0-5ACF-44B3-B59E-DEBC6C6564F8}.Release|Any CPU.Build.0 = Release|Any CPU
	EndGlobalSection
	GlobalSection(SolutionProperties) = preSolution
		HideSolutionNode = FALSE
	EndGlobalSection
	GlobalSection(ExtensibilityGlobals) = postSolution
		SolutionGuid = {097FCCC7-001F-4926-BF26-AE5779799F78}
	EndGlobalSection
EndGlobal
